
Microsoft Visual Studio Solution File, Format Version 12.00
# Visual Studio Version 17
VisualStudioVersion = 17.6.33723.286
MinimumVisualStudioVersion = 10.0.40219.1
Project("{FAE04EC0-301F-11D3-BF4B-00C04F79EFBC}") = "FarmersAPIRest", "FarmersAPIRest.csproj", "{72354E3B-C42C-48C0-9807-645B826BDAEB}"
EndProject
Global
	GlobalSection(SolutionConfigurationPlatforms) = preSolution
		Debug|Any CPU = Debug|Any CPU
		Release|Any CPU = Release|Any CPU
	EndGlobalSection
	GlobalSection(ProjectConfigurationPlatforms) = postSolution
		{72354E3B-C42C-48C0-9807-645B826BDAEB}.Debug|Any CPU.ActiveCfg = Debug|Any CPU
		{72354E3B-C42C-48C0-9807-645B826BDAEB}.Debug|Any CPU.Build.0 = Debug|Any CPU
		{72354E3B-C42C-48C0-9807-645B826BDAEB}.Release|Any CPU.ActiveCfg = Release|Any CPU
		{72354E3B-C42C-48C0-9807-645B826BDAEB}.Release|Any CPU.Build.0 = Release|Any CPU
	EndGlobalSection
	GlobalSection(SolutionProperties) = preSolution
		HideSolutionNode = FALSE
	EndGlobalSection
	GlobalSection(ExtensibilityGlobals) = postSolution
		SolutionGuid = {C4A55D4F-CB2E-4A69-9187-B0A062EC9990}
	EndGlobalSection
EndGlobal
